
Microsoft Visual Studio Solution File, Format Version 12.00
# Visual Studio Version 16
VisualStudioVersion = 16.0.30907.101
MinimumVisualStudioVersion = 10.0.40219.1
Project("{FAE04EC0-301F-11D3-BF4B-00C04F79EFBC}") = "GameProject", "GameProject\GameProject.csproj", "{68873D02-41E5-4605-9DEF-5E105230F329}"
EndProject
Global
	GlobalSection(SolutionConfigurationPlatforms) = preSolution
		Debug|Any CPU = Debug|Any CPU
		Release|Any CPU = Release|Any CPU
	EndGlobalSection
	GlobalSection(ProjectConfigurationPlatforms) = postSolution
		{68873D02-41E5-4605-9DEF-5E105230F329}.Debug|Any CPU.ActiveCfg = Debug|Any CPU
		{68873D02-41E5-4605-9DEF-5E105230F329}.Debug|Any CPU.Build.0 = Debug|Any CPU
		{68873D02-41E5-4605-9DEF-5E105230F329}.Release|Any CPU.ActiveCfg = Release|Any CPU
		{68873D02-41E5-4605-9DEF-5E105230F329}.Release|Any CPU.Build.0 = Release|Any CPU
	EndGlobalSection
	GlobalSection(SolutionProperties) = preSolution
		HideSolutionNode = FALSE
	EndGlobalSection
	GlobalSection(ExtensibilityGlobals) = postSolution
		SolutionGuid = {788F5F83-B065-445A-A7AF-F99A15411DE5}
	EndGlobalSection
EndGlobal
